
Microsoft Visual Studio Solution File, Format Version 11.00
# Visual Studio 2010
Project("{8BC9CEB8-8B4A-11D0-8D11-00A0C91BC942}") = "test", "test\test.vcxproj", "{A1BACDAE-44EF-4A41-83E4-F8592F0F604F}"
EndProject
Global
	GlobalSection(SolutionConfigurationPlatforms) = preSolution
		Debug|Win32 = Debug|Win32
		Release|Win32 = Release|Win32
	EndGlobalSection
	GlobalSection(ProjectConfigurationPlatforms) = postSolution
		{A1BACDAE-44EF-4A41-83E4-F8592F0F604F}.Debug|Win32.ActiveCfg = Debug|Win32
		{A1BACDAE-44EF-4A41-83E4-F8592F0F604F}.Debug|Win32.Build.0 = Debug|Win32
		{A1BACDAE-44EF-4A41-83E4-F8592F0F604F}.Release|Win32.ActiveCfg = Release|Win32
		{A1BACDAE-44EF-4A41-83E4-F8592F0F604F}.Release|Win32.Build.0 = Release|Win32
	EndGlobalSection
	GlobalSection(SolutionProperties) = preSolution
		HideSolutionNode = FALSE
	EndGlobalSection
EndGlobal
